
Microsoft Visual Studio Solution File, Format Version 12.00
# Visual Studio 14
VisualStudioVersion = 14.0.25420.1
MinimumVisualStudioVersion = 10.0.40219.1
Project("{FAE04EC0-301F-11D3-BF4B-00C04F79EFBC}") = "Task_3", "Task_1\Task_3.csproj", "{D8A4C53C-1E10-4AB3-9446-3BD6F62A17C4}"
EndProject
Project("{FAE04EC0-301F-11D3-BF4B-00C04F79EFBC}") = "Task_4", "Task_4\Task_4.csproj", "{818CBBA5-5182-4A83-AC99-8B600F562601}"
EndProject
Project("{FAE04EC0-301F-11D3-BF4B-00C04F79EFBC}") = "Task_5", "Task_5\Task_5.csproj", "{7637D0AB-ADE5-462B-96D7-7A5BB2CD2308}"
EndProject
Project("{FAE04EC0-301F-11D3-BF4B-00C04F79EFBC}") = "Task_15", "Task_15\Task_15.csproj", "{56CE02AF-D038-4F79-906A-772D7C83FFEC}"
EndProject
Project("{FAE04EC0-301F-11D3-BF4B-00C04F79EFBC}") = "Task_6", "Task_6\Task_6.csproj", "{C8AE185F-31AD-4ACD-BC80-97B00E508DF0}"
EndProject
Project("{FAE04EC0-301F-11D3-BF4B-00C04F79EFBC}") = "Task_7", "Task_7\Task_7.csproj", "{8CB1AF5D-E6C6-4BB8-9717-7E66A6440266}"
EndProject
Project("{FAE04EC0-301F-11D3-BF4B-00C04F79EFBC}") = "Task_20", "Task_20\Task_20.csproj", "{2CBF7401-663D-4A54-B4D8-B118BE26921F}"
EndProject
Project("{FAE04EC0-301F-11D3-BF4B-00C04F79EFBC}") = "Task_11", "Task_11\Task_11.csproj", "{D928A9DB-916E-4C49-A93C-8456AF76735E}"
EndProject
Project("{FAE04EC0-301F-11D3-BF4B-00C04F79EFBC}") = "Task_30", "Task_30\Task_30.csproj", "{A267275C-444E-4144-AF4D-A10EB99B12D8}"
EndProject
Project("{FAE04EC0-301F-11D3-BF4B-00C04F79EFBC}") = "Task_41", "Task_41\Task_41.csproj", "{0C23EE60-3144-41B5-BE33-F06B360649E7}"
EndProject
Project("{FAE04EC0-301F-11D3-BF4B-00C04F79EFBC}") = "Task_21", "Task_21\Task_21.csproj", "{8F4B2248-8781-43BE-8A3B-A5E2F3E4626F}"
EndProject
Project("{FAE04EC0-301F-11D3-BF4B-00C04F79EFBC}") = "Task_13", "Task_13\Task_13.csproj", "{D90B90AA-F848-4929-9055-78FDCE2B4479}"
EndProject
Project("{FAE04EC0-301F-11D3-BF4B-00C04F79EFBC}") = "Task_28", "Task_28\Task_28.csproj", "{7FCF3EE0-A44B-4438-B4B0-AFC7099705FD}"
EndProject
Project("{FAE04EC0-301F-11D3-BF4B-00C04F79EFBC}") = "Task_43", "Task_43\Task_43.csproj", "{F3D17534-DA12-46E3-BFBC-299806EF9529}"
EndProject
Project("{FAE04EC0-301F-11D3-BF4B-00C04F79EFBC}") = "Task_8", "Task_8\Task_8.csproj", "{0D038FF4-A3CC-4BCB-B764-9A1F9D1A74DC}"
EndProject
Project("{FAE04EC0-301F-11D3-BF4B-00C04F79EFBC}") = "Task_16", "Task_16\Task_16.csproj", "{6D50E886-B925-41B6-B111-A83748281061}"
EndProject
Project("{FAE04EC0-301F-11D3-BF4B-00C04F79EFBC}") = "Task_48", "Task_48\Task_48.csproj", "{2A94A380-D618-4ED6-8642-84EABE2145DE}"
EndProject
Project("{FAE04EC0-301F-11D3-BF4B-00C04F79EFBC}") = "Task_23", "Task_23\Task_23.csproj", "{84AEC42A-EDEF-45E9-8A4A-746AA1DC0741}"
EndProject
Project("{FAE04EC0-301F-11D3-BF4B-00C04F79EFBC}") = "Task_17", "Task_17\Task_17.csproj", "{D00DD2D7-0129-4367-B512-4F8AEAD690D2}"
EndProject
Project("{FAE04EC0-301F-11D3-BF4B-00C04F79EFBC}") = "Task_12", "Task_12\Task_12.csproj", "{11349DEB-69B9-45F4-A381-44C49EC03A22}"
EndProject
Project("{FAE04EC0-301F-11D3-BF4B-00C04F79EFBC}") = "Task_27", "Task_27\Task_27.csproj", "{4836B9A6-4CDB-4C61-B6F1-03F885546FCA}"
EndProject
Project("{FAE04EC0-301F-11D3-BF4B-00C04F79EFBC}") = "Task_29", "Task_29\Task_29.csproj", "{442A72E7-32D9-4BE9-93B0-E23C73D9169B}"
EndProject
Global
	GlobalSection(SolutionConfigurationPlatforms) = preSolution
		Debug|Any CPU = Debug|Any CPU
		Release|Any CPU = Release|Any CPU
	EndGlobalSection
	GlobalSection(ProjectConfigurationPlatforms) = postSolution
		{D8A4C53C-1E10-4AB3-9446-3BD6F62A17C4}.Debug|Any CPU.ActiveCfg = Debug|Any CPU
		{D8A4C53C-1E10-4AB3-9446-3BD6F62A17C4}.Debug|Any CPU.Build.0 = Debug|Any CPU
		{D8A4C53C-1E10-4AB3-9446-3BD6F62A17C4}.Release|Any CPU.ActiveCfg = Release|Any CPU
		{D8A4C53C-1E10-4AB3-9446-3BD6F62A17C4}.Release|Any CPU.Build.0 = Release|Any CPU
		{818CBBA5-5182-4A83-AC99-8B600F562601}.Debug|Any CPU.ActiveCfg = Debug|Any CPU
		{818CBBA5-5182-4A83-AC99-8B600F562601}.Debug|Any CPU.Build.0 = Debug|Any CPU
		{818CBBA5-5182-4A83-AC99-8B600F562601}.Release|Any CPU.ActiveCfg = Release|Any CPU
		{818CBBA5-5182-4A83-AC99-8B600F562601}.Release|Any CPU.Build.0 = Release|Any CPU
		{7637D0AB-ADE5-462B-96D7-7A5BB2CD2308}.Debug|Any CPU.ActiveCfg = Debug|Any CPU
		{7637D0AB-ADE5-462B-96D7-7A5BB2CD2308}.Debug|Any CPU.Build.0 = Debug|Any CPU
		{7637D0AB-ADE5-462B-96D7-7A5BB2CD2308}.Release|Any CPU.ActiveCfg = Release|Any CPU
		{7637D0AB-ADE5-462B-96D7-7A5BB2CD2308}.Release|Any CPU.Build.0 = Release|Any CPU
		{56CE02AF-D038-4F79-906A-772D7C83FFEC}.Debug|Any CPU.ActiveCfg = Debug|Any CPU
		{56CE02AF-D038-4F79-906A-772D7C83FFEC}.Debug|Any CPU.Build.0 = Debug|Any CPU
		{56CE02AF-D038-4F79-906A-772D7C83FFEC}.Release|Any CPU.ActiveCfg = Release|Any CPU
		{56CE02AF-D038-4F79-906A-772D7C83FFEC}.Release|Any CPU.Build.0 = Release|Any CPU
		{C8AE185F-31AD-4ACD-BC80-97B00E508DF0}.Debug|Any CPU.ActiveCfg = Debug|Any CPU
		{C8AE185F-31AD-4ACD-BC80-97B00E508DF0}.Debug|Any CPU.Build.0 = Debug|Any CPU
		{C8AE185F-31AD-4ACD-BC80-97B00E508DF0}.Release|Any CPU.ActiveCfg = Release|Any CPU
		{C8AE185F-31AD-4ACD-BC80-97B00E508DF0}.Release|Any CPU.Build.0 = Release|Any CPU
		{8CB1AF5D-E6C6-4BB8-9717-7E66A6440266}.Debug|Any CPU.ActiveCfg = Debug|Any CPU
		{8CB1AF5D-E6C6-4BB8-9717-7E66A6440266}.Debug|Any CPU.Build.0 = Debug|Any CPU
		{8CB1AF5D-E6C6-4BB8-9717-7E66A6440266}.Release|Any CPU.ActiveCfg = Release|Any CPU
		{8CB1AF5D-E6C6-4BB8-9717-7E66A6440266}.Release|Any CPU.Build.0 = Release|Any CPU
		{2CBF7401-663D-4A54-B4D8-B118BE26921F}.Debug|Any CPU.ActiveCfg = Debug|Any CPU
		{2CBF7401-663D-4A54-B4D8-B118BE26921F}.Debug|Any CPU.Build.0 = Debug|Any CPU
		{2CBF7401-663D-4A54-B4D8-B118BE26921F}.Release|Any CPU.ActiveCfg = Release|Any CPU
		{2CBF7401-663D-4A54-B4D8-B118BE26921F}.Release|Any CPU.Build.0 = Release|Any CPU
		{D928A9DB-916E-4C49-A93C-8456AF76735E}.Debug|Any CPU.ActiveCfg = Debug|Any CPU
		{D928A9DB-916E-4C49-A93C-8456AF76735E}.Debug|Any CPU.Build.0 = Debug|Any CPU
		{D928A9DB-916E-4C49-A93C-8456AF76735E}.Release|Any CPU.ActiveCfg = Release|Any CPU
		{D928A9DB-916E-4C49-A93C-8456AF76735E}.Release|Any CPU.Build.0 = Release|Any CPU
		{A267275C-444E-4144-AF4D-A10EB99B12D8}.Debug|Any CPU.ActiveCfg = Debug|Any CPU
		{A267275C-444E-4144-AF4D-A10EB99B12D8}.Debug|Any CPU.Build.0 = Debug|Any CPU
		{A267275C-444E-4144-AF4D-A10EB99B12D8}.Release|Any CPU.ActiveCfg = Release|Any CPU
		{A267275C-444E-4144-AF4D-A10EB99B12D8}.Release|Any CPU.Build.0 = Release|Any CPU
		{0C23EE60-3144-41B5-BE33-F06B360649E7}.Debug|Any CPU.ActiveCfg = Debug|Any CPU
		{0C23EE60-3144-41B5-BE33-F06B360649E7}.Debug|Any CPU.Build.0 = Debug|Any CPU
		{0C23EE60-3144-41B5-BE33-F06B360649E7}.Release|Any CPU.ActiveCfg = Release|Any CPU
		{0C23EE60-3144-41B5-BE33-F06B360649E7}.Release|Any CPU.Build.0 = Release|Any CPU
		{8F4B2248-8781-43BE-8A3B-A5E2F3E4626F}.Debug|Any CPU.ActiveCfg = Debug|Any CPU
		{8F4B2248-8781-43BE-8A3B-A5E2F3E4626F}.Debug|Any CPU.Build.0 = Debug|Any CPU
		{8F4B2248-8781-43BE-8A3B-A5E2F3E4626F}.Release|Any CPU.ActiveCfg = Release|Any CPU
		{8F4B2248-8781-43BE-8A3B-A5E2F3E4626F}.Release|Any CPU.Build.0 = Release|Any CPU
		{D90B90AA-F848-4929-9055-78FDCE2B4479}.Debug|Any CPU.ActiveCfg = Debug|Any CPU
		{D90B90AA-F848-4929-9055-78FDCE2B4479}.Debug|Any CPU.Build.0 = Debug|Any CPU
		{D90B90AA-F848-4929-9055-78FDCE2B4479}.Release|Any CPU.ActiveCfg = Release|Any CPU
		{D90B90AA-F848-4929-9055-78FDCE2B4479}.Release|Any CPU.Build.0 = Release|Any CPU
		{7FCF3EE0-A44B-4438-B4B0-AFC7099705FD}.Debug|Any CPU.ActiveCfg = Debug|Any CPU
		{7FCF3EE0-A44B-4438-B4B0-AFC7099705FD}.Debug|Any CPU.Build.0 = Debug|Any CPU
		{7FCF3EE0-A44B-4438-B4B0-AFC7099705FD}.Release|Any CPU.ActiveCfg = Release|Any CPU
		{7FCF3EE0-A44B-4438-B4B0-AFC7099705FD}.Release|Any CPU.Build.0 = Release|Any CPU
		{F3D17534-DA12-46E3-BFBC-299806EF9529}.Debug|Any CPU.ActiveCfg = Debug|Any CPU
		{F3D17534-DA12-46E3-BFBC-299806EF9529}.Debug|Any CPU.Build.0 = Debug|Any CPU
		{F3D17534-DA12-46E3-BFBC-299806EF9529}.Release|Any CPU.ActiveCfg = Release|Any CPU
		{F3D17534-DA12-46E3-BFBC-299806EF9529}.Release|Any CPU.Build.0 = Release|Any CPU
		{0D038FF4-A3CC-4BCB-B764-9A1F9D1A74DC}.Debug|Any CPU.ActiveCfg = Debug|Any CPU
		{0D038FF4-A3CC-4BCB-B764-9A1F9D1A74DC}.Debug|Any CPU.Build.0 = Debug|Any CPU
		{0D038FF4-A3CC-4BCB-B764-9A1F9D1A74DC}.Release|Any CPU.ActiveCfg = Release|Any CPU
		{0D038FF4-A3CC-4BCB-B764-9A1F9D1A74DC}.Release|Any CPU.Build.0 = Release|Any CPU
		{6D50E886-B925-41B6-B111-A83748281061}.Debug|Any CPU.ActiveCfg = Debug|Any CPU
		{6D50E886-B925-41B6-B111-A83748281061}.Debug|Any CPU.Build.0 = Debug|Any CPU
		{6D50E886-B925-41B6-B111-A83748281061}.Release|Any CPU.ActiveCfg = Release|Any CPU
		{6D50E886-B925-41B6-B111-A83748281061}.Release|Any CPU.Build.0 = Release|Any CPU
		{2A94A380-D618-4ED6-8642-84EABE2145DE}.Debug|Any CPU.ActiveCfg = Debug|Any CPU
		{2A94A380-D618-4ED6-8642-84EABE2145DE}.Debug|Any CPU.Build.0 = Debug|Any CPU
		{2A94A380-D618-4ED6-8642-84EABE2145DE}.Release|Any CPU.ActiveCfg = Release|Any CPU
		{2A94A380-D618-4ED6-8642-84EABE2145DE}.Release|Any CPU.Build.0 = Release|Any CPU
		{84AEC42A-EDEF-45E9-8A4A-746AA1DC0741}.Debug|Any CPU.ActiveCfg = Debug|Any CPU
		{84AEC42A-EDEF-45E9-8A4A-746AA1DC0741}.Debug|Any CPU.Build.0 = Debug|Any CPU
		{84AEC42A-EDEF-45E9-8A4A-746AA1DC0741}.Release|Any CPU.ActiveCfg = Release|Any CPU
		{84AEC42A-EDEF-45E9-8A4A-746AA1DC0741}.Release|Any CPU.Build.0 = Release|Any CPU
		{D00DD2D7-0129-4367-B512-4F8AEAD690D2}.Debug|Any CPU.ActiveCfg = Debug|Any CPU
		{D00DD2D7-0129-4367-B512-4F8AEAD690D2}.Debug|Any CPU.Build.0 = Debug|Any CPU
		{D00DD2D7-0129-4367-B512-4F8AEAD690D2}.Release|Any CPU.ActiveCfg = Release|Any CPU
		{D00DD2D7-0129-4367-B512-4F8AEAD690D2}.Release|Any CPU.Build.0 = Release|Any CPU
		{11349DEB-69B9-45F4-A381-44C49EC03A22}.Debug|Any CPU.ActiveCfg = Debug|Any CPU
		{11349DEB-69B9-45F4-A381-44C49EC03A22}.Debug|Any CPU.Build.0 = Debug|Any CPU
		{11349DEB-69B9-45F4-A381-44C49EC03A22}.Release|Any CPU.ActiveCfg = Release|Any CPU
		{11349DEB-69B9-45F4-A381-44C49EC03A22}.Release|Any CPU.Build.0 = Release|Any CPU
		{4836B9A6-4CDB-4C61-B6F1-03F885546FCA}.Debug|Any CPU.ActiveCfg = Debug|Any CPU
		{4836B9A6-4CDB-4C61-B6F1-03F885546FCA}.Debug|Any CPU.Build.0 = Debug|Any CPU
		{4836B9A6-4CDB-4C61-B6F1-03F885546FCA}.Release|Any CPU.ActiveCfg = Release|Any CPU
		{4836B9A6-4CDB-4C61-B6F1-03F885546FCA}.Release|Any CPU.Build.0 = Release|Any CPU
		{442A72E7-32D9-4BE9-93B0-E23C73D9169B}.Debug|Any CPU.ActiveCfg = Debug|Any CPU
		{442A72E7-32D9-4BE9-93B0-E23C73D9169B}.Debug|Any CPU.Build.0 = Debug|Any CPU
		{442A72E7-32D9-4BE9-93B0-E23C73D9169B}.Release|Any CPU.ActiveCfg = Release|Any CPU
		{442A72E7-32D9-4BE9-93B0-E23C73D9169B}.Release|Any CPU.Build.0 = Release|Any CPU
	EndGlobalSection
	GlobalSection(SolutionProperties) = preSolution
		HideSolutionNode = FALSE
	EndGlobalSection
EndGlobal
