
Microsoft Visual Studio Solution File, Format Version 12.00
# Visual Studio 14
VisualStudioVersion = 14.0.25420.1
MinimumVisualStudioVersion = 10.0.40219.1
Project("{FAE04EC0-301F-11D3-BF4B-00C04F79EFBC}") = "Task_3", "Task_1\Task_3.csproj", "{D8A4C53C-1E10-4AB3-9446-3BD6F62A17C4}"
EndProject
Project("{FAE04EC0-301F-11D3-BF4B-00C04F79EFBC}") = "Task_4", "Task_4\Task_4.csproj", "{818CBBA5-5182-4A83-AC99-8B600F562601}"
EndProject
Project("{FAE04EC0-301F-11D3-BF4B-00C04F79EFBC}") = "Task_5", "Task_5\Task_5.csproj", "{7637D0AB-ADE5-462B-96D7-7A5BB2CD2308}"
EndProject
Project("{FAE04EC0-301F-11D3-BF4B-00C04F79EFBC}") = "Task_15", "Task_15\Task_15.csproj", "{56CE02AF-D038-4F79-906A-772D7C83FFEC}"
EndProject
Project("{FAE04EC0-301F-11D3-BF4B-00C04F79EFBC}") = "Task_6", "Task_6\Task_6.csproj", "{C8AE185F-31AD-4ACD-BC80-97B00E508DF0}"
EndProject
Project("{FAE04EC0-301F-11D3-BF4B-00C04F79EFBC}") = "Task_7", "Task_7\Task_7.csproj", "{8CB1AF5D-E6C6-4BB8-9717-7E66A6440266}"
EndProject
Project("{FAE04EC0-301F-11D3-BF4B-00C04F79EFBC}") = "Task_20", "Task_20\Task_20.csproj", "{2CBF7401-663D-4A54-B4D8-B118BE26921F}"
EndProject
Project("{FAE04EC0-301F-11D3-BF4B-00C04F79EFBC}") = "Task_11", "Task_11\Task_11.csproj", "{D928A9DB-916E-4C49-A93C-8456AF76735E}"
EndProject
Project("{FAE04EC0-301F-11D3-BF4B-00C04F79EFBC}") = "Task_30", "Task_30\Task_30.csproj", "{A267275C-444E-4144-AF4D-A10EB99B12D8}"
EndProject
Project("{FAE04EC0-301F-11D3-BF4B-00C04F79EFBC}") = "Task_41", "Task_41\Task_41.csproj", "{0C23EE60-3144-41B5-BE33-F06B360649E7}"
EndProject
Project("{FAE04EC0-301F-11D3-BF4B-00C04F79EFBC}") = "Task_21", "Task_21\Task_21.csproj", "{8F4B2248-8781-43BE-8A3B-A5E2F3E4626F}"
EndProject
Project("{FAE04EC0-301F-11D3-BF4B-00C04F79EFBC}") = "Task_13", "Task_13\Task_13.csproj", "{D90B90AA-F848-4929-9055-78FDCE2B4479}"
EndProject
Project("{FAE04EC0-301F-11D3-BF4B-00C04F79EFBC}") = "Task_28", "Task_28\Task_28.csproj", "{7FCF3EE0-A44B-4438-B4B0-AFC7099705FD}"
EndProject
Project("{FAE04EC0-301F-11D3-BF4B-00C04F79EFBC}") = "Task_43", "Task_43\Task_43.csproj", "{F3D17534-DA12-46E3-BFBC-299806EF9529}"
EndProject
Project("{FAE04EC0-301F-11D3-BF4B-00C04F79EFBC}") = "Task_8", "Task_8\Task_8.csproj", "{0D038FF4-A3CC-4BCB-B764-9A1F9D1A74DC}"
EndProject
Project("{FAE04EC0-301F-11D3-BF4B-00C04F79EFBC}") = "Task_16", "Task_16\Task_16.csproj", "{6D50E886-B925-41B6-B111-A83748281061}"
EndProject
Project("{FAE04EC0-301F-11D3-BF4B-00C04F79EFBC}") = "Task_48", "Task_48\Task_48.csproj", "{2A94A380-D618-4ED6-8642-84EABE2145DE}"
EndProject
Project("{FAE04EC0-301F-11D3-BF4B-00C04F79EFBC}") = "Task_23", "Task_23\Task_23.csproj", "{84AEC42A-EDEF-45E9-8A4A-746AA1DC0741}"
EndProject
Project("{FAE04EC0-301F-11D3-BF4B-00C04F79EFBC}") = "Task_17", "Task_17\Task_17.csproj", "{D00DD2D7-0129-4367-B512-4F8AEAD690D2}"
EndProject
Project("{FAE04EC0-301F-11D3-BF4B-00C04F79EFBC}") = "Task_12", "Task_12\Task_12.csproj", "{11349DEB-69B9-45F4-A381-44C49EC03A22}"
EndProject
Project("{FAE04EC0-301F-11D3-BF4B-00C04F79EFBC}") = "Task_27", "Task_27\Task_27.csproj", "{4836B9A6-4CDB-4C61-B6F1-03F885546FCA}"
EndProject
Project("{FAE04EC0-301F-11D3-BF4B-00C04F79EFBC}") = "Task_29", "Task_29\Task_29.csproj", "{442A72E7-32D9-4BE9-93B0-E23C73D9169B}"
EndProject
Project("{FAE04EC0-301F-11D3-BF4B-00C04F79EFBC}") = "Task_10", "Task_10\Task_10.csproj", "{489F3734-0904-4CCB-99AB-40E0144B89A1}"
EndProject
Project("{FAE04EC0-301F-11D3-BF4B-00C04F79EFBC}") = "Task_14", "Task_14\Task_14.csproj", "{A78EBAE0-8DC2-42F0-9B42-583D3F397283}"
EndProject
Project("{FAE04EC0-301F-11D3-BF4B-00C04F79EFBC}") = "Task_24", "Task_24\Task_24.csproj", "{C967B9E0-A9BD-4BD7-8DDE-79E7AC00CD2C}"
EndProject
Project("{FAE04EC0-301F-11D3-BF4B-00C04F79EFBC}") = "Task_26", "Task_26\Task_26.csproj", "{90B3097C-6962-4FDC-94B2-B0BF64C9A51D}"
EndProject
Project("{FAE04EC0-301F-11D3-BF4B-00C04F79EFBC}") = "Task_68", "Task_68\Task_68.csproj", "{A1D63659-0784-4D38-B441-83EA4082E9A5}"
EndProject
Project("{FAE04EC0-301F-11D3-BF4B-00C04F79EFBC}") = "Task_18", "Task_18\Task_18.csproj", "{B9270D20-671E-4F5B-B11A-48E26288B566}"
EndProject
Project("{FAE04EC0-301F-11D3-BF4B-00C04F79EFBC}") = "Task_67", "Task_67\Task_67.csproj", "{6457DFB5-4DC9-444A-A455-10BB9356A157}"
EndProject
Project("{FAE04EC0-301F-11D3-BF4B-00C04F79EFBC}") = "Task_50", "Task_50\Task_50.csproj", "{4AEE1574-7927-42B1-AB4F-40289676058B}"
EndProject
Project("{FAE04EC0-301F-11D3-BF4B-00C04F79EFBC}") = "Task_31", "Task_31\Task_31.csproj", "{63ACFCD8-E001-4C87-9A54-6E0329A22A76}"
EndProject
Project("{FAE04EC0-301F-11D3-BF4B-00C04F79EFBC}") = "Task_57", "Task_57\Task_57.csproj", "{237B6DA2-3A3F-4D1F-8892-B7FBB52F2226}"
EndProject
Project("{FAE04EC0-301F-11D3-BF4B-00C04F79EFBC}") = "Task_52", "Task_52\Task_52.csproj", "{FFB45E2A-7291-4A1A-A55D-2B520538D947}"
EndProject
Project("{FAE04EC0-301F-11D3-BF4B-00C04F79EFBC}") = "Task_32", "Task_32\Task_32.csproj", "{80008FBD-0673-4A3B-B754-331F42EF1405}"
EndProject
Project("{FAE04EC0-301F-11D3-BF4B-00C04F79EFBC}") = "Task_25", "Task_25\Task_25.csproj", "{64E0BFB3-B026-457D-84A4-6AF0A70445D1}"
EndProject
Project("{FAE04EC0-301F-11D3-BF4B-00C04F79EFBC}") = "Task_35", "Task_35\Task_35.csproj", "{CF44AEDB-F14E-465D-9B7B-12EE7FDF636E}"
EndProject
Project("{FAE04EC0-301F-11D3-BF4B-00C04F79EFBC}") = "Task_19", "Task_19\Task_19.csproj", "{2E5DD36D-D25E-46FF-B6A7-4554B027B208}"
EndProject
Project("{FAE04EC0-301F-11D3-BF4B-00C04F79EFBC}") = "Task_9", "Task_9\Task_9.csproj", "{3AD2409A-0CD3-40C9-AAFF-ED8D1E7B8DF7}"
EndProject
Project("{FAE04EC0-301F-11D3-BF4B-00C04F79EFBC}") = "Task_81", "Task_81\Task_81.csproj", "{862F0A97-5C16-4111-ACAD-D0BF89437F71}"
EndProject
Project("{FAE04EC0-301F-11D3-BF4B-00C04F79EFBC}") = "Task_44", "Task_44\Task_44.csproj", "{54A4EDC3-7C7C-45B9-B598-14DD885F35B8}"
EndProject
Project("{FAE04EC0-301F-11D3-BF4B-00C04F79EFBC}") = "Task_55", "Task_55\Task_55.csproj", "{776AD49A-3330-4151-AABE-F4DEC0A60146}"
EndProject
Project("{FAE04EC0-301F-11D3-BF4B-00C04F79EFBC}") = "Task_104", "Task_104\Task_104.csproj", "{F6207D66-326C-4F81-8B8B-F51525C11212}"
EndProject
Global
	GlobalSection(SolutionConfigurationPlatforms) = preSolution
		Debug|Any CPU = Debug|Any CPU
		Release|Any CPU = Release|Any CPU
	EndGlobalSection
	GlobalSection(ProjectConfigurationPlatforms) = postSolution
		{D8A4C53C-1E10-4AB3-9446-3BD6F62A17C4}.Debug|Any CPU.ActiveCfg = Debug|Any CPU
		{D8A4C53C-1E10-4AB3-9446-3BD6F62A17C4}.Debug|Any CPU.Build.0 = Debug|Any CPU
		{D8A4C53C-1E10-4AB3-9446-3BD6F62A17C4}.Release|Any CPU.ActiveCfg = Release|Any CPU
		{D8A4C53C-1E10-4AB3-9446-3BD6F62A17C4}.Release|Any CPU.Build.0 = Release|Any CPU
		{818CBBA5-5182-4A83-AC99-8B600F562601}.Debug|Any CPU.ActiveCfg = Debug|Any CPU
		{818CBBA5-5182-4A83-AC99-8B600F562601}.Debug|Any CPU.Build.0 = Debug|Any CPU
		{818CBBA5-5182-4A83-AC99-8B600F562601}.Release|Any CPU.ActiveCfg = Release|Any CPU
		{818CBBA5-5182-4A83-AC99-8B600F562601}.Release|Any CPU.Build.0 = Release|Any CPU
		{7637D0AB-ADE5-462B-96D7-7A5BB2CD2308}.Debug|Any CPU.ActiveCfg = Debug|Any CPU
		{7637D0AB-ADE5-462B-96D7-7A5BB2CD2308}.Debug|Any CPU.Build.0 = Debug|Any CPU
		{7637D0AB-ADE5-462B-96D7-7A5BB2CD2308}.Release|Any CPU.ActiveCfg = Release|Any CPU
		{7637D0AB-ADE5-462B-96D7-7A5BB2CD2308}.Release|Any CPU.Build.0 = Release|Any CPU
		{56CE02AF-D038-4F79-906A-772D7C83FFEC}.Debug|Any CPU.ActiveCfg = Debug|Any CPU
		{56CE02AF-D038-4F79-906A-772D7C83FFEC}.Debug|Any CPU.Build.0 = Debug|Any CPU
		{56CE02AF-D038-4F79-906A-772D7C83FFEC}.Release|Any CPU.ActiveCfg = Release|Any CPU
		{56CE02AF-D038-4F79-906A-772D7C83FFEC}.Release|Any CPU.Build.0 = Release|Any CPU
		{C8AE185F-31AD-4ACD-BC80-97B00E508DF0}.Debug|Any CPU.ActiveCfg = Debug|Any CPU
		{C8AE185F-31AD-4ACD-BC80-97B00E508DF0}.Debug|Any CPU.Build.0 = Debug|Any CPU
		{C8AE185F-31AD-4ACD-BC80-97B00E508DF0}.Release|Any CPU.ActiveCfg = Release|Any CPU
		{C8AE185F-31AD-4ACD-BC80-97B00E508DF0}.Release|Any CPU.Build.0 = Release|Any CPU
		{8CB1AF5D-E6C6-4BB8-9717-7E66A6440266}.Debug|Any CPU.ActiveCfg = Debug|Any CPU
		{8CB1AF5D-E6C6-4BB8-9717-7E66A6440266}.Debug|Any CPU.Build.0 = Debug|Any CPU
		{8CB1AF5D-E6C6-4BB8-9717-7E66A6440266}.Release|Any CPU.ActiveCfg = Release|Any CPU
		{8CB1AF5D-E6C6-4BB8-9717-7E66A6440266}.Release|Any CPU.Build.0 = Release|Any CPU
		{2CBF7401-663D-4A54-B4D8-B118BE26921F}.Debug|Any CPU.ActiveCfg = Debug|Any CPU
		{2CBF7401-663D-4A54-B4D8-B118BE26921F}.Debug|Any CPU.Build.0 = Debug|Any CPU
		{2CBF7401-663D-4A54-B4D8-B118BE26921F}.Release|Any CPU.ActiveCfg = Release|Any CPU
		{2CBF7401-663D-4A54-B4D8-B118BE26921F}.Release|Any CPU.Build.0 = Release|Any CPU
		{D928A9DB-916E-4C49-A93C-8456AF76735E}.Debug|Any CPU.ActiveCfg = Debug|Any CPU
		{D928A9DB-916E-4C49-A93C-8456AF76735E}.Debug|Any CPU.Build.0 = Debug|Any CPU
		{D928A9DB-916E-4C49-A93C-8456AF76735E}.Release|Any CPU.ActiveCfg = Release|Any CPU
		{D928A9DB-916E-4C49-A93C-8456AF76735E}.Release|Any CPU.Build.0 = Release|Any CPU
		{A267275C-444E-4144-AF4D-A10EB99B12D8}.Debug|Any CPU.ActiveCfg = Debug|Any CPU
		{A267275C-444E-4144-AF4D-A10EB99B12D8}.Debug|Any CPU.Build.0 = Debug|Any CPU
		{A267275C-444E-4144-AF4D-A10EB99B12D8}.Release|Any CPU.ActiveCfg = Release|Any CPU
		{A267275C-444E-4144-AF4D-A10EB99B12D8}.Release|Any CPU.Build.0 = Release|Any CPU
		{0C23EE60-3144-41B5-BE33-F06B360649E7}.Debug|Any CPU.ActiveCfg = Debug|Any CPU
		{0C23EE60-3144-41B5-BE33-F06B360649E7}.Debug|Any CPU.Build.0 = Debug|Any CPU
		{0C23EE60-3144-41B5-BE33-F06B360649E7}.Release|Any CPU.ActiveCfg = Release|Any CPU
		{0C23EE60-3144-41B5-BE33-F06B360649E7}.Release|Any CPU.Build.0 = Release|Any CPU
		{8F4B2248-8781-43BE-8A3B-A5E2F3E4626F}.Debug|Any CPU.ActiveCfg = Debug|Any CPU
		{8F4B2248-8781-43BE-8A3B-A5E2F3E4626F}.Debug|Any CPU.Build.0 = Debug|Any CPU
		{8F4B2248-8781-43BE-8A3B-A5E2F3E4626F}.Release|Any CPU.ActiveCfg = Release|Any CPU
		{8F4B2248-8781-43BE-8A3B-A5E2F3E4626F}.Release|Any CPU.Build.0 = Release|Any CPU
		{D90B90AA-F848-4929-9055-78FDCE2B4479}.Debug|Any CPU.ActiveCfg = Debug|Any CPU
		{D90B90AA-F848-4929-9055-78FDCE2B4479}.Debug|Any CPU.Build.0 = Debug|Any CPU
		{D90B90AA-F848-4929-9055-78FDCE2B4479}.Release|Any CPU.ActiveCfg = Release|Any CPU
		{D90B90AA-F848-4929-9055-78FDCE2B4479}.Release|Any CPU.Build.0 = Release|Any CPU
		{7FCF3EE0-A44B-4438-B4B0-AFC7099705FD}.Debug|Any CPU.ActiveCfg = Debug|Any CPU
		{7FCF3EE0-A44B-4438-B4B0-AFC7099705FD}.Debug|Any CPU.Build.0 = Debug|Any CPU
		{7FCF3EE0-A44B-4438-B4B0-AFC7099705FD}.Release|Any CPU.ActiveCfg = Release|Any CPU
		{7FCF3EE0-A44B-4438-B4B0-AFC7099705FD}.Release|Any CPU.Build.0 = Release|Any CPU
		{F3D17534-DA12-46E3-BFBC-299806EF9529}.Debug|Any CPU.ActiveCfg = Debug|Any CPU
		{F3D17534-DA12-46E3-BFBC-299806EF9529}.Debug|Any CPU.Build.0 = Debug|Any CPU
		{F3D17534-DA12-46E3-BFBC-299806EF9529}.Release|Any CPU.ActiveCfg = Release|Any CPU
		{F3D17534-DA12-46E3-BFBC-299806EF9529}.Release|Any CPU.Build.0 = Release|Any CPU
		{0D038FF4-A3CC-4BCB-B764-9A1F9D1A74DC}.Debug|Any CPU.ActiveCfg = Debug|Any CPU
		{0D038FF4-A3CC-4BCB-B764-9A1F9D1A74DC}.Debug|Any CPU.Build.0 = Debug|Any CPU
		{0D038FF4-A3CC-4BCB-B764-9A1F9D1A74DC}.Release|Any CPU.ActiveCfg = Release|Any CPU
		{0D038FF4-A3CC-4BCB-B764-9A1F9D1A74DC}.Release|Any CPU.Build.0 = Release|Any CPU
		{6D50E886-B925-41B6-B111-A83748281061}.Debug|Any CPU.ActiveCfg = Debug|Any CPU
		{6D50E886-B925-41B6-B111-A83748281061}.Debug|Any CPU.Build.0 = Debug|Any CPU
		{6D50E886-B925-41B6-B111-A83748281061}.Release|Any CPU.ActiveCfg = Release|Any CPU
		{6D50E886-B925-41B6-B111-A83748281061}.Release|Any CPU.Build.0 = Release|Any CPU
		{2A94A380-D618-4ED6-8642-84EABE2145DE}.Debug|Any CPU.ActiveCfg = Debug|Any CPU
		{2A94A380-D618-4ED6-8642-84EABE2145DE}.Debug|Any CPU.Build.0 = Debug|Any CPU
		{2A94A380-D618-4ED6-8642-84EABE2145DE}.Release|Any CPU.ActiveCfg = Release|Any CPU
		{2A94A380-D618-4ED6-8642-84EABE2145DE}.Release|Any CPU.Build.0 = Release|Any CPU
		{84AEC42A-EDEF-45E9-8A4A-746AA1DC0741}.Debug|Any CPU.ActiveCfg = Debug|Any CPU
		{84AEC42A-EDEF-45E9-8A4A-746AA1DC0741}.Debug|Any CPU.Build.0 = Debug|Any CPU
		{84AEC42A-EDEF-45E9-8A4A-746AA1DC0741}.Release|Any CPU.ActiveCfg = Release|Any CPU
		{84AEC42A-EDEF-45E9-8A4A-746AA1DC0741}.Release|Any CPU.Build.0 = Release|Any CPU
		{D00DD2D7-0129-4367-B512-4F8AEAD690D2}.Debug|Any CPU.ActiveCfg = Debug|Any CPU
		{D00DD2D7-0129-4367-B512-4F8AEAD690D2}.Debug|Any CPU.Build.0 = Debug|Any CPU
		{D00DD2D7-0129-4367-B512-4F8AEAD690D2}.Release|Any CPU.ActiveCfg = Release|Any CPU
		{D00DD2D7-0129-4367-B512-4F8AEAD690D2}.Release|Any CPU.Build.0 = Release|Any CPU
		{11349DEB-69B9-45F4-A381-44C49EC03A22}.Debug|Any CPU.ActiveCfg = Debug|Any CPU
		{11349DEB-69B9-45F4-A381-44C49EC03A22}.Debug|Any CPU.Build.0 = Debug|Any CPU
		{11349DEB-69B9-45F4-A381-44C49EC03A22}.Release|Any CPU.ActiveCfg = Release|Any CPU
		{11349DEB-69B9-45F4-A381-44C49EC03A22}.Release|Any CPU.Build.0 = Release|Any CPU
		{4836B9A6-4CDB-4C61-B6F1-03F885546FCA}.Debug|Any CPU.ActiveCfg = Debug|Any CPU
		{4836B9A6-4CDB-4C61-B6F1-03F885546FCA}.Debug|Any CPU.Build.0 = Debug|Any CPU
		{4836B9A6-4CDB-4C61-B6F1-03F885546FCA}.Release|Any CPU.ActiveCfg = Release|Any CPU
		{4836B9A6-4CDB-4C61-B6F1-03F885546FCA}.Release|Any CPU.Build.0 = Release|Any CPU
		{442A72E7-32D9-4BE9-93B0-E23C73D9169B}.Debug|Any CPU.ActiveCfg = Debug|Any CPU
		{442A72E7-32D9-4BE9-93B0-E23C73D9169B}.Debug|Any CPU.Build.0 = Debug|Any CPU
		{442A72E7-32D9-4BE9-93B0-E23C73D9169B}.Release|Any CPU.ActiveCfg = Release|Any CPU
		{442A72E7-32D9-4BE9-93B0-E23C73D9169B}.Release|Any CPU.Build.0 = Release|Any CPU
		{489F3734-0904-4CCB-99AB-40E0144B89A1}.Debug|Any CPU.ActiveCfg = Debug|Any CPU
		{489F3734-0904-4CCB-99AB-40E0144B89A1}.Debug|Any CPU.Build.0 = Debug|Any CPU
		{489F3734-0904-4CCB-99AB-40E0144B89A1}.Release|Any CPU.ActiveCfg = Release|Any CPU
		{489F3734-0904-4CCB-99AB-40E0144B89A1}.Release|Any CPU.Build.0 = Release|Any CPU
		{A78EBAE0-8DC2-42F0-9B42-583D3F397283}.Debug|Any CPU.ActiveCfg = Debug|Any CPU
		{A78EBAE0-8DC2-42F0-9B42-583D3F397283}.Debug|Any CPU.Build.0 = Debug|Any CPU
		{A78EBAE0-8DC2-42F0-9B42-583D3F397283}.Release|Any CPU.ActiveCfg = Release|Any CPU
		{A78EBAE0-8DC2-42F0-9B42-583D3F397283}.Release|Any CPU.Build.0 = Release|Any CPU
		{C967B9E0-A9BD-4BD7-8DDE-79E7AC00CD2C}.Debug|Any CPU.ActiveCfg = Debug|Any CPU
		{C967B9E0-A9BD-4BD7-8DDE-79E7AC00CD2C}.Debug|Any CPU.Build.0 = Debug|Any CPU
		{C967B9E0-A9BD-4BD7-8DDE-79E7AC00CD2C}.Release|Any CPU.ActiveCfg = Release|Any CPU
		{C967B9E0-A9BD-4BD7-8DDE-79E7AC00CD2C}.Release|Any CPU.Build.0 = Release|Any CPU
		{90B3097C-6962-4FDC-94B2-B0BF64C9A51D}.Debug|Any CPU.ActiveCfg = Debug|Any CPU
		{90B3097C-6962-4FDC-94B2-B0BF64C9A51D}.Debug|Any CPU.Build.0 = Debug|Any CPU
		{90B3097C-6962-4FDC-94B2-B0BF64C9A51D}.Release|Any CPU.ActiveCfg = Release|Any CPU
		{90B3097C-6962-4FDC-94B2-B0BF64C9A51D}.Release|Any CPU.Build.0 = Release|Any CPU
		{A1D63659-0784-4D38-B441-83EA4082E9A5}.Debug|Any CPU.ActiveCfg = Debug|Any CPU
		{A1D63659-0784-4D38-B441-83EA4082E9A5}.Debug|Any CPU.Build.0 = Debug|Any CPU
		{A1D63659-0784-4D38-B441-83EA4082E9A5}.Release|Any CPU.ActiveCfg = Release|Any CPU
		{A1D63659-0784-4D38-B441-83EA4082E9A5}.Release|Any CPU.Build.0 = Release|Any CPU
		{B9270D20-671E-4F5B-B11A-48E26288B566}.Debug|Any CPU.ActiveCfg = Debug|Any CPU
		{B9270D20-671E-4F5B-B11A-48E26288B566}.Debug|Any CPU.Build.0 = Debug|Any CPU
		{B9270D20-671E-4F5B-B11A-48E26288B566}.Release|Any CPU.ActiveCfg = Release|Any CPU
		{B9270D20-671E-4F5B-B11A-48E26288B566}.Release|Any CPU.Build.0 = Release|Any CPU
		{6457DFB5-4DC9-444A-A455-10BB9356A157}.Debug|Any CPU.ActiveCfg = Debug|Any CPU
		{6457DFB5-4DC9-444A-A455-10BB9356A157}.Debug|Any CPU.Build.0 = Debug|Any CPU
		{6457DFB5-4DC9-444A-A455-10BB9356A157}.Release|Any CPU.ActiveCfg = Release|Any CPU
		{6457DFB5-4DC9-444A-A455-10BB9356A157}.Release|Any CPU.Build.0 = Release|Any CPU
		{4AEE1574-7927-42B1-AB4F-40289676058B}.Debug|Any CPU.ActiveCfg = Debug|Any CPU
		{4AEE1574-7927-42B1-AB4F-40289676058B}.Debug|Any CPU.Build.0 = Debug|Any CPU
		{4AEE1574-7927-42B1-AB4F-40289676058B}.Release|Any CPU.ActiveCfg = Release|Any CPU
		{4AEE1574-7927-42B1-AB4F-40289676058B}.Release|Any CPU.Build.0 = Release|Any CPU
		{63ACFCD8-E001-4C87-9A54-6E0329A22A76}.Debug|Any CPU.ActiveCfg = Debug|Any CPU
		{63ACFCD8-E001-4C87-9A54-6E0329A22A76}.Debug|Any CPU.Build.0 = Debug|Any CPU
		{63ACFCD8-E001-4C87-9A54-6E0329A22A76}.Release|Any CPU.ActiveCfg = Release|Any CPU
		{63ACFCD8-E001-4C87-9A54-6E0329A22A76}.Release|Any CPU.Build.0 = Release|Any CPU
		{237B6DA2-3A3F-4D1F-8892-B7FBB52F2226}.Debug|Any CPU.ActiveCfg = Debug|Any CPU
		{237B6DA2-3A3F-4D1F-8892-B7FBB52F2226}.Debug|Any CPU.Build.0 = Debug|Any CPU
		{237B6DA2-3A3F-4D1F-8892-B7FBB52F2226}.Release|Any CPU.ActiveCfg = Release|Any CPU
		{237B6DA2-3A3F-4D1F-8892-B7FBB52F2226}.Release|Any CPU.Build.0 = Release|Any CPU
		{FFB45E2A-7291-4A1A-A55D-2B520538D947}.Debug|Any CPU.ActiveCfg = Debug|Any CPU
		{FFB45E2A-7291-4A1A-A55D-2B520538D947}.Debug|Any CPU.Build.0 = Debug|Any CPU
		{FFB45E2A-7291-4A1A-A55D-2B520538D947}.Release|Any CPU.ActiveCfg = Release|Any CPU
		{FFB45E2A-7291-4A1A-A55D-2B520538D947}.Release|Any CPU.Build.0 = Release|Any CPU
		{80008FBD-0673-4A3B-B754-331F42EF1405}.Debug|Any CPU.ActiveCfg = Debug|Any CPU
		{80008FBD-0673-4A3B-B754-331F42EF1405}.Debug|Any CPU.Build.0 = Debug|Any CPU
		{80008FBD-0673-4A3B-B754-331F42EF1405}.Release|Any CPU.ActiveCfg = Release|Any CPU
		{80008FBD-0673-4A3B-B754-331F42EF1405}.Release|Any CPU.Build.0 = Release|Any CPU
		{64E0BFB3-B026-457D-84A4-6AF0A70445D1}.Debug|Any CPU.ActiveCfg = Debug|Any CPU
		{64E0BFB3-B026-457D-84A4-6AF0A70445D1}.Debug|Any CPU.Build.0 = Debug|Any CPU
		{64E0BFB3-B026-457D-84A4-6AF0A70445D1}.Release|Any CPU.ActiveCfg = Release|Any CPU
		{64E0BFB3-B026-457D-84A4-6AF0A70445D1}.Release|Any CPU.Build.0 = Release|Any CPU
		{CF44AEDB-F14E-465D-9B7B-12EE7FDF636E}.Debug|Any CPU.ActiveCfg = Debug|Any CPU
		{CF44AEDB-F14E-465D-9B7B-12EE7FDF636E}.Debug|Any CPU.Build.0 = Debug|Any CPU
		{CF44AEDB-F14E-465D-9B7B-12EE7FDF636E}.Release|Any CPU.ActiveCfg = Release|Any CPU
		{CF44AEDB-F14E-465D-9B7B-12EE7FDF636E}.Release|Any CPU.Build.0 = Release|Any CPU
		{2E5DD36D-D25E-46FF-B6A7-4554B027B208}.Debug|Any CPU.ActiveCfg = Debug|Any CPU
		{2E5DD36D-D25E-46FF-B6A7-4554B027B208}.Debug|Any CPU.Build.0 = Debug|Any CPU
		{2E5DD36D-D25E-46FF-B6A7-4554B027B208}.Release|Any CPU.ActiveCfg = Release|Any CPU
		{2E5DD36D-D25E-46FF-B6A7-4554B027B208}.Release|Any CPU.Build.0 = Release|Any CPU
		{3AD2409A-0CD3-40C9-AAFF-ED8D1E7B8DF7}.Debug|Any CPU.ActiveCfg = Debug|Any CPU
		{3AD2409A-0CD3-40C9-AAFF-ED8D1E7B8DF7}.Debug|Any CPU.Build.0 = Debug|Any CPU
		{3AD2409A-0CD3-40C9-AAFF-ED8D1E7B8DF7}.Release|Any CPU.ActiveCfg = Release|Any CPU
		{3AD2409A-0CD3-40C9-AAFF-ED8D1E7B8DF7}.Release|Any CPU.Build.0 = Release|Any CPU
		{862F0A97-5C16-4111-ACAD-D0BF89437F71}.Debug|Any CPU.ActiveCfg = Debug|Any CPU
		{862F0A97-5C16-4111-ACAD-D0BF89437F71}.Debug|Any CPU.Build.0 = Debug|Any CPU
		{862F0A97-5C16-4111-ACAD-D0BF89437F71}.Release|Any CPU.ActiveCfg = Release|Any CPU
		{862F0A97-5C16-4111-ACAD-D0BF89437F71}.Release|Any CPU.Build.0 = Release|Any CPU
		{54A4EDC3-7C7C-45B9-B598-14DD885F35B8}.Debug|Any CPU.ActiveCfg = Debug|Any CPU
		{54A4EDC3-7C7C-45B9-B598-14DD885F35B8}.Debug|Any CPU.Build.0 = Debug|Any CPU
		{54A4EDC3-7C7C-45B9-B598-14DD885F35B8}.Release|Any CPU.ActiveCfg = Release|Any CPU
		{54A4EDC3-7C7C-45B9-B598-14DD885F35B8}.Release|Any CPU.Build.0 = Release|Any CPU
		{776AD49A-3330-4151-AABE-F4DEC0A60146}.Debug|Any CPU.ActiveCfg = Debug|Any CPU
		{776AD49A-3330-4151-AABE-F4DEC0A60146}.Debug|Any CPU.Build.0 = Debug|Any CPU
		{776AD49A-3330-4151-AABE-F4DEC0A60146}.Release|Any CPU.ActiveCfg = Release|Any CPU
		{776AD49A-3330-4151-AABE-F4DEC0A60146}.Release|Any CPU.Build.0 = Release|Any CPU
		{F6207D66-326C-4F81-8B8B-F51525C11212}.Debug|Any CPU.ActiveCfg = Debug|Any CPU
		{F6207D66-326C-4F81-8B8B-F51525C11212}.Debug|Any CPU.Build.0 = Debug|Any CPU
		{F6207D66-326C-4F81-8B8B-F51525C11212}.Release|Any CPU.ActiveCfg = Release|Any CPU
		{F6207D66-326C-4F81-8B8B-F51525C11212}.Release|Any CPU.Build.0 = Release|Any CPU
	EndGlobalSection
	GlobalSection(SolutionProperties) = preSolution
		HideSolutionNode = FALSE
	EndGlobalSection
EndGlobal
